{
    "_readme": [
        "This file locks the dependencies of your project to a known state",
        "Read more about it at https://getcomposer.org/doc/01-basic-usage.md#composer-lock-the-lock-file",
        "This file is @generated automatically"
    ],
    "hash": "0798c2826aa12845c12e8e2d19cfc0a2",
    "packages": [
        {
            "name": "hieu-le/wordpress-xmlrpc-client",
            "version": "2.4.2",
            "source": {
                "type": "git",
                "url": "https://github.com/letrunghieu/wordpress-xmlrpc-client.git",
                "reference": "07a1ad3f2fed562c01f00161c37f6ab2e276d272"
            },
            "dist": {
                "type": "zip",
                "url": "https://api.github.com/repos/letrunghieu/wordpress-xmlrpc-client/zipball/07a1ad3f2fed562c01f00161c37f6ab2e276d272",
                "reference": "07a1ad3f2fed562c01f00161c37f6ab2e276d272",
                "shasum": ""
            },
            "require": {
                "ext-xmlrpc": "*",
                "php": ">=5.3.0"
            },
            "require-dev": {
                "illuminate/support": "~4.0",
                "php-vcr/php-vcr": "dev-master",
                "php-vcr/phpunit-testlistener-vcr": "*",
                "phpunit/phpunit": "*",
                "symfony/yaml": "2.*"
            },
            "type": "library",
            "autoload": {
                "psr-4": {
                    "HieuLe\\WordpressXmlrpcClient\\": "src/"
                }
            },
            "notification-url": "https://packagist.org/downloads/",
            "license": [
                "MIT"
            ],
            "authors": [
                {
                    "name": "Hieu Le",
                    "email": "letrunghieu.cse09@gmail.com",
                    "homepage": "http://www.hieule.info"
                }
            ],
            "description": "A PHP client for Wordpress websites that closely implement the XML-RPC WordPress API with full test suite built in",
            "keywords": [
                "api",
                "client",
                "remote",
                "wordpress",
                "xmlrpc"
            ],
            "time": "2015-05-29 03:17:43"
        }
    ],
    "packages-dev": [],
    "aliases": [],
    "minimum-stability": "stable",
    "stability-flags": [],
    "prefer-stable": false,
    "prefer-lowest": false,
    "platform": [],
    "platform-dev": []
}
